// !$*UTF8*$!
{
	archiveVersion = 1;
	classes = {
	};
	objectVersion = 46;
	objects = {

/* Begin PBXBuildFile section */
		43A323DF1B665FBB000A76CE /* main.m in Sources */ = {isa = PBXBuildFile; fileRef = 43A323DE1B665FBB000A76CE /* main.m */; };
		43A323E21B665FBB000A76CE /* AppDelegate.m in Sources */ = {isa = PBXBuildFile; fileRef = 43A323E11B665FBB000A76CE /* AppDelegate.m */; };
		43A323E51B665FBB000A76CE /* ViewController.m in Sources */ = {isa = PBXBuildFile; fileRef = 43A323E41B665FBB000A76CE /* ViewController.m */; };
		43A323E81B665FBB000A76CE /* Main.storyboard in Resources */ = {isa = PBXBuildFile; fileRef = 43A323E61B665FBB000A76CE /* Main.storyboard */; };
		43A323EA1B665FBB000A76CE /* Images.xcassets in Resources */ = {isa = PBXBuildFile; fileRef = 43A323E91B665FBB000A76CE /* Images.xcassets */; };
		43A323ED1B665FBB000A76CE /* LaunchScreen.xib in Resources */ = {isa = PBXBuildFile; fileRef = 43A323EB1B665FBB000A76CE /* LaunchScreen.xib */; };
		43A323F91B665FBB000A76CE /* URLDemoTests.m in Sources */ = {isa = PBXBuildFile; fileRef = 43A323F81B665FBB000A76CE /* URLDemoTests.m */; };
/* End PBXBuildFile section */

/* Begin PBXContainerItemProxy section */
		43A323F31B665FBB000A76CE /* PBXContainerItemProxy */ = {
			isa = PBXContainerItemProxy;
			containerPortal = 43A323D11B665FBB000A76CE /* Project object */;
			proxyType = 1;
			remoteGlobalIDString = 43A323D81B665FBB000A76CE;
			remoteInfo = URLDemo;
		};
/* End PBXContainerItemProxy section */

/* Begin PBXFileReference section */
		43A323D91B665FBB000A76CE /* URLDemo.app */ = {isa = PBXFileReference; explicitFileType = wrapper.application; includeInIndex = 0; path = URLDemo.app; sourceTree = BUILT_PRODUCTS_DIR; };
		43A323DD1B665FBB000A76CE /* Info.plist */ = {isa = PBXFileReference; lastKnownFileType = text.plist.xml; path = Info.plist; sourceTree = "<group>"; };
		43A323DE1B665FBB000A76CE /* main.m */ = {isa = PBXFileReference; lastKnownFileType = sourcecode.c.objc; path = main.m; sourceTree = "<group>"; };
		43A323E01B665FBB000A76CE /* AppDelegate.h */ = {isa = PBXFileReference; lastKnownFileType = sourcecode.c.h; path = AppDelegate.h; sourceTree = "<group>"; };
		43A323E11B665FBB000A76CE /* AppDelegate.m */ = {isa = PBXFileReference; lastKnownFileType = sourcecode.c.objc; path = AppDelegate.m; sourceTree = "<group>"; };
		43A323E31B665FBB000A76CE /* ViewController.h */ = {isa = PBXFileReference; lastKnownFileType = sourcecode.c.h; path = ViewController.h; sourceTree = "<group>"; };
		43A323E41B665FBB000A76CE /* ViewController.m */ = {isa = PBXFileReference; lastKnownFileType = sourcecode.c.objc; path = ViewController.m; sourceTree = "<group>"; };
		43A323E71B665FBB000A76CE /* Base */ = {isa = PBXFileReference; lastKnownFileType = file.storyboard; name = Base; path = Base.lproj/Main.storyboard; sourceTree = "<group>"; };
		43A323E91B665FBB000A76CE /* Images.xcassets */ = {isa = PBXFileReference; lastKnownFileType = folder.assetcatalog; path = Images.xcassets; sourceTree = "<group>"; };
		43A323EC1B665FBB000A76CE /* Base */ = {isa = PBXFileReference; lastKnownFileType = file.xib; name = Base; path = Base.lproj/LaunchScreen.xib; sourceTree = "<group>"; };
		43A323F21B665FBB000A76CE /* URLDemoTests.xctest */ = {isa = PBXFileReference; explicitFileType = wrapper.cfbundle; includeInIndex = 0; path = URLDemoTests.xctest; sourceTree = BUILT_PRODUCTS_DIR; };
		43A323F71B665FBB000A76CE /* Info.plist */ = {isa = PBXFileReference; lastKnownFileType = text.plist.xml; path = Info.plist; sourceTree = "<group>"; };
		43A323F81B665FBB000A76CE /* URLDemoTests.m */ = {isa = PBXFileReference; lastKnownFileType = sourcecode.c.objc; path = URLDemoTests.m; sourceTree = "<group>"; };
/* End PBXFileReference section */

/* Begin PBXFrameworksBuildPhase section */
		43A323D61B665FBB000A76CE /* Frameworks */ = {
			isa = PBXFrameworksBuildPhase;
			buildActionMask = 2147483647;
			files = (
			);
			runOnlyForDeploymentPostprocessing = 0;
		};
		43A323EF1B665FBB000A76CE /* Frameworks */ = {
			isa = PBXFrameworksBuildPhase;
			buildActionMask = 2147483647;
			files = (
			);
			runOnlyForDeploymentPostprocessing = 0;
		};
/* End PBXFrameworksBuildPhase section */

/* Begin PBXGroup section */
		43A323D01B665FBB000A76CE = {
			isa = PBXGroup;
			children = (
				43A323DB1B665FBB000A76CE /* URLDemo */,
				43A323F51B665FBB000A76CE /* URLDemoTests */,
				43A323DA1B665FBB000A76CE /* Products */,
			);
			sourceTree = "<group>";
		};
		43A323DA1B665FBB000A76CE /* Products */ = {
			isa = PBXGroup;
			children = (
				43A323D91B665FBB000A76CE /* URLDemo.app */,
				43A323F21B665FBB000A76CE /* URLDemoTests.xctest */,
			);
			name = Products;
			sourceTree = "<group>";
		};
		43A323DB1B665FBB000A76CE /* URLDemo */ = {
			isa = PBXGroup;
			children = (
				43A323E01B665FBB000A76CE /* AppDelegate.h */,
				43A323E11B665FBB000A76CE /* AppDelegate.m */,
				43A323E31B665FBB000A76CE /* ViewController.h */,
				43A323E41B665FBB000A76CE /* ViewController.m */,
				43A323E61B665FBB000A76CE /* Main.storyboard */,
				43A323E91B665FBB000A76CE /* Images.xcassets */,
				43A323EB1B665FBB000A76CE /* LaunchScreen.xib */,
				43A323DC1B665FBB000A76CE /* Supporting Files */,
			);
			path = URLDemo;
			sourceTree = "<group>";
		};
		43A323DC1B665FBB000A76CE /* Supporting Files */ = {
			isa = PBXGroup;
			children = (
				43A323DD1B665FBB000A76CE /* Info.plist */,
				43A323DE1B665FBB000A76CE /* main.m */,
			);
			name = "Supporting Files";
			sourceTree = "<group>";
		};
		43A323F51B665FBB000A76CE /* URLDemoTests */ = {
			isa = PBXGroup;
			children = (
				43A323F81B665FBB000A76CE /* URLDemoTests.m */,
				43A323F61B665FBB000A76CE /* Supporting Files */,
			);
			path = URLDemoTests;
			sourceTree = "<group>";
		};
		43A323F61B665FBB000A76CE /* Supporting Files */ = {
			isa = PBXGroup;
			children = (
				43A323F71B665FBB000A76CE /* Info.plist */,
			);
			name = "Supporting Files";
			sourceTree = "<group>";
		};
/* End PBXGroup section */

/* Begin PBXNativeTarget section */
		43A323D81B665FBB000A76CE /* URLDemo */ = {
			isa = PBXNativeTarget;
			buildConfigurationList = 43A323FC1B665FBB000A76CE /* Build configuration list for PBXNativeTarget "URLDemo" */;
			buildPhases = (
				43A323D51B665FBB000A76CE /* Sources */,
				43A323D61B665FBB000A76CE /* Frameworks */,
				43A323D71B665FBB000A76CE /* Resources */,
			);
			buildRules = (
			);
			dependencies = (
			);
			name = URLDemo;
			productName = URLDemo;
			productReference = 43A323D91B665FBB000A76CE /* URLDemo.app */;
			productType = "com.apple.product-type.application";
		};
		43A323F11B665FBB000A76CE /* URLDemoTests */ = {
			isa = PBXNativeTarget;
			buildConfigurationList = 43A323FF1B665FBB000A76CE /* Build configuration list for PBXNativeTarget "URLDemoTests" */;
			buildPhases = (
				43A323EE1B665FBB000A76CE /* Sources */,
				43A323EF1B665FBB000A76CE /* Frameworks */,
				43A323F01B665FBB000A76CE /* Resources */,
			);
			buildRules = (
			);
			dependencies = (
				43A323F41B665FBB000A76CE /* PBXTargetDependency */,
			);
			name = URLDemoTests;
			productName = URLDemoTests;
			productReference = 43A323F21B665FBB000A76CE /* URLDemoTests.xctest */;
			productType = "com.apple.product-type.bundle.unit-test";
		};
/* End PBXNativeTarget section */

/* Begin PBXProject section */
		43A323D11B665FBB000A76CE /* Project object */ = {
			isa = PBXProject;
			attributes = {
				LastUpgradeCheck = 0630;
				ORGANIZATIONNAME = nate;
				TargetAttributes = {
					43A323D81B665FBB000A76CE = {
						CreatedOnToolsVersion = 6.3.2;
					};
					43A323F11B665FBB000A76CE = {
						CreatedOnToolsVersion = 6.3.2;
						TestTargetID = 43A323D81B665FBB000A76CE;
					};
				};
			};
			buildConfigurationList = 43A323D41B665FBB000A76CE /* Build configuration list for PBXProject "URLDemo" */;
			compatibilityVersion = "Xcode 3.2";
			developmentRegion = English;
			hasScannedForEncodings = 0;
			knownRegions = (
				en,
				Base,
			);
			mainGroup = 43A323D01B665FBB000A76CE;
			productRefGroup = 43A323DA1B665FBB000A76CE /* Products */;
			projectDirPath = "";
			projectRoot = "";
			targets = (
				43A323D81B665FBB000A76CE /* URLDemo */,
				43A323F11B665FBB000A76CE /* URLDemoTests */,
			);
		};
/* End PBXProject section */

/* Begin PBXResourcesBuildPhase section */
		43A323D71B665FBB000A76CE /* Resources */ = {
			isa = PBXResourcesBuildPhase;
			buildActionMask = 2147483647;
			files = (
				43A323E81B665FBB000A76CE /* Main.storyboard in Resources */,
				43A323ED1B665FBB000A76CE /* LaunchScreen.xib in Resources */,
				43A323EA1B665FBB000A76CE /* Images.xcassets in Resources */,
			);
			runOnlyForDeploymentPostprocessing = 0;
		};
		43A323F01B665FBB000A76CE /* Resources */ = {
			isa = PBXResourcesBuildPhase;
			buildActionMask = 2147483647;
			files = (
			);
			runOnlyForDeploymentPostprocessing = 0;
		};
/* End PBXResourcesBuildPhase section */

/* Begin PBXSourcesBuildPhase section */
		43A323D51B665FBB000A76CE /* Sources */ = {
			isa = PBXSourcesBuildPhase;
			buildActionMask = 2147483647;
			files = (
				43A323E51B665FBB000A76CE /* ViewController.m in Sources */,
				43A323E21B665FBB000A76CE /* AppDelegate.m in Sources */,
				43A323DF1B665FBB000A76CE /* main.m in Sources */,
			);
			runOnlyForDeploymentPostprocessing = 0;
		};
		43A323EE1B665FBB000A76CE /* Sources */ = {
			isa = PBXSourcesBuildPhase;
			buildActionMask = 2147483647;
			files = (
				43A323F91B665FBB000A76CE /* URLDemoTests.m in Sources */,
			);
			runOnlyForDeploymentPostprocessing = 0;
		};
/* End PBXSourcesBuildPhase section */

/* Begin PBXTargetDependency section */
		43A323F41B665FBB000A76CE /* PBXTargetDependency */ = {
			isa = PBXTargetDependency;
			target = 43A323D81B665FBB000A76CE /* URLDemo */;
			targetProxy = 43A323F31B665FBB000A76CE /* PBXContainerItemProxy */;
		};
/* End PBXTargetDependency section */

/* Begin PBXVariantGroup section */
		43A323E61B665FBB000A76CE /* Main.storyboard */ = {
			isa = PBXVariantGroup;
			children = (
				43A323E71B665FBB000A76CE /* Base */,
			);
			name = Main.storyboard;
			sourceTree = "<group>";
		};
		43A323EB1B665FBB000A76CE /* LaunchScreen.xib */ = {
			isa = PBXVariantGroup;
			children = (
				43A323EC1B665FBB000A76CE /* Base */,
			);
			name = LaunchScreen.xib;
			sourceTree = "<group>";
		};
/* End PBXVariantGroup section */

/* Begin XCBuildConfiguration section */
		43A323FA1B665FBB000A76CE /* Debug */ = {
			isa = XCBuildConfiguration;
			buildSettings = {
				ALWAYS_SEARCH_USER_PATHS = NO;
				CLANG_CXX_LANGUAGE_STANDARD = "gnu++0x";
				CLANG_CXX_LIBRARY = "libc++";
				CLANG_ENABLE_MODULES = YES;
				CLANG_ENABLE_OBJC_ARC = YES;
				CLANG_WARN_BOOL_CONVERSION = YES;
				CLANG_WARN_CONSTANT_CONVERSION = YES;
				CLANG_WARN_DIRECT_OBJC_ISA_USAGE = YES_ERROR;
				CLANG_WARN_EMPTY_BODY = YES;
				CLANG_WARN_ENUM_CONVERSION = YES;
				CLANG_WARN_INT_CONVERSION = YES;
				CLANG_WARN_OBJC_ROOT_CLASS = YES_ERROR;
				CLANG_WARN_UNREACHABLE_CODE = YES;
				CLANG_WARN__DUPLICATE_METHOD_MATCH = YES;
				"CODE_SIGN_IDENTITY[sdk=iphoneos*]" = "iPhone Developer";
				COPY_PHASE_STRIP = NO;
				DEBUG_INFORMATION_FORMAT = "dwarf-with-dsym";
				ENABLE_STRICT_OBJC_MSGSEND = YES;
				GCC_C_LANGUAGE_STANDARD = gnu99;
				GCC_DYNAMIC_NO_PIC = NO;
				GCC_NO_COMMON_BLOCKS = YES;
				GCC_OPTIMIZATION_LEVEL = 0;
				GCC_PREPROCESSOR_DEFINITIONS = (
					"DEBUG=1",
					"$(inherited)",
				);
				GCC_SYMBOLS_PRIVATE_EXTERN = NO;
				GCC_WARN_64_TO_32_BIT_CONVERSION = YES;
				GCC_WARN_ABOUT_RETURN_TYPE = YES_ERROR;
				GCC_WARN_UNDECLARED_SELECTOR = YES;
				GCC_WARN_UNINITIALIZED_AUTOS = YES_AGGRESSIVE;
				GCC_WARN_UNUSED_FUNCTION = YES;
				GCC_WARN_UNUSED_VARIABLE = YES;
				IPHONEOS_DEPLOYMENT_TARGET = 8.3;
				MTL_ENABLE_DEBUG_INFO = YES;
				ONLY_ACTIVE_ARCH = YES;
				SDKROOT = iphoneos;
				TARGETED_DEVICE_FAMILY = "1,2";
			};
			name = Debug;
		};
		43A323FB1B665FBB000A76CE /* Release */ = {
			isa = XCBuildConfiguration;
			buildSettings = {
				ALWAYS_SEARCH_USER_PATHS = NO;
				CLANG_CXX_LANGUAGE_STANDARD = "gnu++0x";
				CLANG_CXX_LIBRARY = "libc++";
				CLANG_ENABLE_MODULES = YES;
				CLANG_ENABLE_OBJC_ARC = YES;
				CLANG_WARN_BOOL_CONVERSION = YES;
				CLANG_WARN_CONSTANT_CONVERSION = YES;
				CLANG_WARN_DIRECT_OBJC_ISA_USAGE = YES_ERROR;
				CLANG_WARN_EMPTY_BODY = YES;
				CLANG_WARN_ENUM_CONVERSION = YES;
				CLANG_WARN_INT_CONVERSION = YES;
				CLANG_WARN_OBJC_ROOT_CLASS = YES_ERROR;
				CLANG_WARN_UNREACHABLE_CODE = YES;
				CLANG_WARN__DUPLICATE_METHOD_MATCH = YES;
				"CODE_SIGN_IDENTITY[sdk=iphoneos*]" = "iPhone Developer";
				COPY_PHASE_STRIP = NO;
				DEBUG_INFORMATION_FORMAT = "dwarf-with-dsym";
				ENABLE_NS_ASSERTIONS = NO;
				ENABLE_STRICT_OBJC_MSGSEND = YES;
				GCC_C_LANGUAGE_STANDARD = gnu99;
				GCC_NO_COMMON_BLOCKS = YES;
				GCC_WARN_64_TO_32_BIT_CONVERSION = YES;
				GCC_WARN_ABOUT_RETURN_TYPE = YES_ERROR;
				GCC_WARN_UNDECLARED_SELECTOR = YES;
				GCC_WARN_UNINITIALIZED_AUTOS = YES_AGGRESSIVE;
				GCC_WARN_UNUSED_FUNCTION = YES;
				GCC_WARN_UNUSED_VARIABLE = YES;
				IPHONEOS_DEPLOYMENT_TARGET = 8.3;
				MTL_ENABLE_DEBUG_INFO = NO;
				SDKROOT = iphoneos;
				TARGETED_DEVICE_FAMILY = "1,2";
				VALIDATE_PRODUCT = YES;
			};
			name = Release;
		};
		43A323FD1B665FBB000A76CE /* Debug */ = {
			isa = XCBuildConfiguration;
			buildSettings = {
				ASSETCATALOG_COMPILER_APPICON_NAME = AppIcon;
				INFOPLIST_FILE = URLDemo/Info.plist;
				LD_RUNPATH_SEARCH_PATHS = "$(inherited) @executable_path/Frameworks";
				PRODUCT_NAME = "$(TARGET_NAME)";
			};
			name = Debug;
		};
		43A323FE1B665FBB000A76CE /* Release */ = {
			isa = XCBuildConfiguration;
			buildSettings = {
				ASSETCATALOG_COMPILER_APPICON_NAME = AppIcon;
				INFOPLIST_FILE = URLDemo/Info.plist;
				LD_RUNPATH_SEARCH_PATHS = "$(inherited) @executable_path/Frameworks";
				PRODUCT_NAME = "$(TARGET_NAME)";
			};
			name = Release;
		};
		43A324001B665FBB000A76CE /* Debug */ = {
			isa = XCBuildConfiguration;
			buildSettings = {
				BUNDLE_LOADER = "$(TEST_HOST)";
				FRAMEWORK_SEARCH_PATHS = (
					"$(SDKROOT)/Developer/Library/Frameworks",
					"$(inherited)",
				);
				GCC_PREPROCESSOR_DEFINITIONS = (
					"DEBUG=1",
					"$(inherited)",
				);
				INFOPLIST_FILE = URLDemoTests/Info.plist;
				LD_RUNPATH_SEARCH_PATHS = "$(inherited) @executable_path/Frameworks @loader_path/Frameworks";
				PRODUCT_NAME = "$(TARGET_NAME)";
				TEST_HOST = "$(BUILT_PRODUCTS_DIR)/URLDemo.app/URLDemo";
			};
			name = Debug;
		};
		43A324011B665FBB000A76CE /* Release */ = {
			isa = XCBuildConfiguration;
			buildSettings = {
				BUNDLE_LOADER = "$(TEST_HOST)";
				FRAMEWORK_SEARCH_PATHS = (
					"$(SDKROOT)/Developer/Library/Frameworks",
					"$(inherited)",
				);
				INFOPLIST_FILE = URLDemoTests/Info.plist;
				LD_RUNPATH_SEARCH_PATHS = "$(inherited) @executable_path/Frameworks @loader_path/Frameworks";
				PRODUCT_NAME = "$(TARGET_NAME)";
				TEST_HOST = "$(BUILT_PRODUCTS_DIR)/URLDemo.app/URLDemo";
			};
			name = Release;
		};
/* End XCBuildConfiguration section */

/* Begin XCConfigurationList section */
		43A323D41B665FBB000A76CE /* Build configuration list for PBXProject "URLDemo" */ = {
			isa = XCConfigurationList;
			buildConfigurations = (
				43A323FA1B665FBB000A76CE /* Debug */,
				43A323FB1B665FBB000A76CE /* Release */,
			);
			defaultConfigurationIsVisible = 0;
			defaultConfigurationName = Release;
		};
		43A323FC1B665FBB000A76CE /* Build configuration list for PBXNativeTarget "URLDemo" */ = {
			isa = XCConfigurationList;
			buildConfigurations = (
				43A323FD1B665FBB000A76CE /* Debug */,
				43A323FE1B665FBB000A76CE /* Release */,
			);
			defaultConfigurationIsVisible = 0;
		};
		43A323FF1B665FBB000A76CE /* Build configuration list for PBXNativeTarget "URLDemoTests" */ = {
			isa = XCConfigurationList;
			buildConfigurations = (
				43A324001B665FBB000A76CE /* Debug */,
				43A324011B665FBB000A76CE /* Release */,
			);
			defaultConfigurationIsVisible = 0;
		};
/* End XCConfigurationList section */
	};
	rootObject = 43A323D11B665FBB000A76CE /* Project object */;
}
